PODS:
  - KeyCommands (1.0.0)

DEPENDENCIES:
  - KeyCommands (from `./../KeyCommands.podspec.json`)

EXTERNAL SOURCES:
  KeyCommands:
    :path: "./../KeyCommands.podspec.json"

SPEC CHECKSUMS:
  KeyCommands: 284616fee74038a6994f4329080337066da502e0

PODFILE CHECKSUM: 942c4850e6d5bc7e89f339be8259081e04f19e77

COCOAPODS: 1.0.0
