PODS:
  - KeyCommands (1.0.0)

DEPENDENCIES:
  - KeyCommands (from `./../KeyCommands.podspec.json`)

EXTERNAL SOURCES:
  KeyCommands:
    :path: ./../KeyCommands.podspec.json

SPEC CHECKSUMS:
  KeyCommands: 3c47ae65995abe7bb5f3b81cc27bbe211a90e3ad

PODFILE CHECKSUM: 942c4850e6d5bc7e89f339be8259081e04f19e77

COCOAPODS: 1.0.1
